
Microsoft Visual Studio Solution File, Format Version 12.00
# Visual Studio Version 16
VisualStudioVersion = 16.0.29306.81
MinimumVisualStudioVersion = 10.0.40219.1
Project("{FAE04EC0-301F-11D3-BF4B-00C04F79EFBC}") = "SQL-LightCodeFirst", "SQL-LightCodeFirst\SQL-LightCodeFirst.csproj", "{4A4D8E28-DC94-453B-B179-FAF7890DC38C}"
EndProject
Global
	GlobalSection(SolutionConfigurationPlatforms) = preSolution
		Debug|Any CPU = Debug|Any CPU
		Release|Any CPU = Release|Any CPU
	EndGlobalSection
	GlobalSection(ProjectConfigurationPlatforms) = postSolution
		{4A4D8E28-DC94-453B-B179-FAF7890DC38C}.Debug|Any CPU.ActiveCfg = Debug|Any CPU
		{4A4D8E28-DC94-453B-B179-FAF7890DC38C}.Debug|Any CPU.Build.0 = Debug|Any CPU
		{4A4D8E28-DC94-453B-B179-FAF7890DC38C}.Release|Any CPU.ActiveCfg = Release|Any CPU
		{4A4D8E28-DC94-453B-B179-FAF7890DC38C}.Release|Any CPU.Build.0 = Release|Any CPU
	EndGlobalSection
	GlobalSection(SolutionProperties) = preSolution
		HideSolutionNode = FALSE
	EndGlobalSection
	GlobalSection(ExtensibilityGlobals) = postSolution
		SolutionGuid = {05FB6F09-9696-4DA7-B360-74BFC7D6E9A9}
	EndGlobalSection
EndGlobal
